// !$*UTF8*$!
{
	archiveVersion = 1;
	classes = {
	};
	objectVersion = 50;
	objects = {

/* Begin PBXBuildFile section */
		9209C4B321F3A84F00AF78B6 /* Credentials.swift in Sources */ = {isa = PBXBuildFile; fileRef = 9209C4B221F3A84F00AF78B6 /* Credentials.swift */; };
		9209C4BA21F50BE600AF78B6 /* LanguagePickerController.swift in Sources */ = {isa = PBXBuildFile; fileRef = 9209C4B921F50BE600AF78B6 /* LanguagePickerController.swift */; };
		9209C4BC21F5268B00AF78B6 /* SpeechRecorder.swift in Sources */ = {isa = PBXBuildFile; fileRef = 9209C4BB21F5268B00AF78B6 /* SpeechRecorder.swift */; };
		92261E5D21EA9A4C00A1A620 /* AppDelegate.swift in Sources */ = {isa = PBXBuildFile; fileRef = 92261E5C21EA9A4C00A1A620 /* AppDelegate.swift */; };
		92261E5F21EA9A4C00A1A620 /* ViewController.swift in Sources */ = {isa = PBXBuildFile; fileRef = 92261E5E21EA9A4C00A1A620 /* ViewController.swift */; };
		92261E6221EA9A4C00A1A620 /* Main.storyboard in Resources */ = {isa = PBXBuildFile; fileRef = 92261E6021EA9A4C00A1A620 /* Main.storyboard */; };
		92261E6421EA9A4C00A1A620 /* Assets.xcassets in Resources */ = {isa = PBXBuildFile; fileRef = 92261E6321EA9A4C00A1A620 /* Assets.xcassets */; };
		92261E6721EA9A4C00A1A620 /* LaunchScreen.storyboard in Resources */ = {isa = PBXBuildFile; fileRef = 92261E6521EA9A4C00A1A620 /* LaunchScreen.storyboard */; };
		92261E7221EA9A4C00A1A620 /* WatsonTranslatorTests.swift in Sources */ = {isa = PBXBuildFile; fileRef = 92261E7121EA9A4C00A1A620 /* WatsonTranslatorTests.swift */; };
		92261E7D21EA9A4C00A1A620 /* WatsonTranslatorUITests.swift in Sources */ = {isa = PBXBuildFile; fileRef = 92261E7C21EA9A4C00A1A620 /* WatsonTranslatorUITests.swift */; };
		92261E8B21EEB8BC00A1A620 /* Translator.swift in Sources */ = {isa = PBXBuildFile; fileRef = 92261E8A21EEB8BC00A1A620 /* Translator.swift */; };
		92EFE5F521FA1235003DD89E /* Speaker.swift in Sources */ = {isa = PBXBuildFile; fileRef = 92EFE5F421FA1235003DD89E /* Speaker.swift */; };
		92FB960521FD29C600FEAD21 /* AVFoundation.framework in Frameworks */ = {isa = PBXBuildFile; fileRef = 92FB960321FD29A400FEAD21 /* AVFoundation.framework */; };
		92FEF4C521FE9AC90042E47F /* Language.swift in Sources */ = {isa = PBXBuildFile; fileRef = 92FEF4C421FE9AC90042E47F /* Language.swift */; };
		B31A0668E45180A3F730FC22 /* Pods_WatsonTranslator.framework in Frameworks */ = {isa = PBXBuildFile; fileRef = 032CE86DCAFA58FE9F815175 /* Pods_WatsonTranslator.framework */; };
/* End PBXBuildFile section */

/* Begin PBXContainerItemProxy section */
		92261E6E21EA9A4C00A1A620 /* PBXContainerItemProxy */ = {
			isa = PBXContainerItemProxy;
			containerPortal = 92261E5121EA9A4C00A1A620 /* Project object */;
			proxyType = 1;
			remoteGlobalIDString = 92261E5821EA9A4C00A1A620;
			remoteInfo = WatsonTranslator;
		};
		92261E7921EA9A4C00A1A620 /* PBXContainerItemProxy */ = {
			isa = PBXContainerItemProxy;
			containerPortal = 92261E5121EA9A4C00A1A620 /* Project object */;
			proxyType = 1;
			remoteGlobalIDString = 92261E5821EA9A4C00A1A620;
			remoteInfo = WatsonTranslator;
		};
/* End PBXContainerItemProxy section */

/* Begin PBXFileReference section */
		032CE86DCAFA58FE9F815175 /* Pods_WatsonTranslator.framework */ = {isa = PBXFileReference; explicitFileType = wrapper.framework; includeInIndex = 0; path = Pods_WatsonTranslator.framework; sourceTree = BUILT_PRODUCTS_DIR; };
		0FA364166685A043F8799057 /* Pods-WatsonTranslator.debug.xcconfig */ = {isa = PBXFileReference; includeInIndex = 1; lastKnownFileType = text.xcconfig; name = "Pods-WatsonTranslator.debug.xcconfig"; path = "Pods/Target Support Files/Pods-WatsonTranslator/Pods-WatsonTranslator.debug.xcconfig"; sourceTree = "<group>"; };
		9209C4B221F3A84F00AF78B6 /* Credentials.swift */ = {isa = PBXFileReference; lastKnownFileType = sourcecode.swift; path = Credentials.swift; sourceTree = "<group>"; };
		9209C4B921F50BE600AF78B6 /* LanguagePickerController.swift */ = {isa = PBXFileReference; lastKnownFileType = sourcecode.swift; path = LanguagePickerController.swift; sourceTree = "<group>"; };
		9209C4BB21F5268B00AF78B6 /* SpeechRecorder.swift */ = {isa = PBXFileReference; lastKnownFileType = sourcecode.swift; path = SpeechRecorder.swift; sourceTree = "<group>"; };
		92261E5921EA9A4C00A1A620 /* WatsonTranslator.app */ = {isa = PBXFileReference; explicitFileType = wrapper.application; includeInIndex = 0; path = WatsonTranslator.app; sourceTree = BUILT_PRODUCTS_DIR; };
		92261E5C21EA9A4C00A1A620 /* AppDelegate.swift */ = {isa = PBXFileReference; lastKnownFileType = sourcecode.swift; path = AppDelegate.swift; sourceTree = "<group>"; };
		92261E5E21EA9A4C00A1A620 /* ViewController.swift */ = {isa = PBXFileReference; lastKnownFileType = sourcecode.swift; path = ViewController.swift; sourceTree = "<group>"; };
		92261E6121EA9A4C00A1A620 /* Base */ = {isa = PBXFileReference; lastKnownFileType = file.storyboard; name = Base; path = Base.lproj/Main.storyboard; sourceTree = "<group>"; };
		92261E6321EA9A4C00A1A620 /* Assets.xcassets */ = {isa = PBXFileReference; lastKnownFileType = folder.assetcatalog; path = Assets.xcassets; sourceTree = "<group>"; };
		92261E6621EA9A4C00A1A620 /* Base */ = {isa = PBXFileReference; lastKnownFileType = file.storyboard; name = Base; path = Base.lproj/LaunchScreen.storyboard; sourceTree = "<group>"; };
		92261E6821EA9A4C00A1A620 /* Info.plist */ = {isa = PBXFileReference; lastKnownFileType = text.plist.xml; path = Info.plist; sourceTree = "<group>"; };
		92261E6D21EA9A4C00A1A620 /* WatsonTranslatorTests.xctest */ = {isa = PBXFileReference; explicitFileType = wrapper.cfbundle; includeInIndex = 0; path = WatsonTranslatorTests.xctest; sourceTree = BUILT_PRODUCTS_DIR; };
		92261E7121EA9A4C00A1A620 /* WatsonTranslatorTests.swift */ = {isa = PBXFileReference; lastKnownFileType = sourcecode.swift; path = WatsonTranslatorTests.swift; sourceTree = "<group>"; };
		92261E7321EA9A4C00A1A620 /* Info.plist */ = {isa = PBXFileReference; lastKnownFileType = text.plist.xml; path = Info.plist; sourceTree = "<group>"; };
		92261E7821EA9A4C00A1A620 /* WatsonTranslatorUITests.xctest */ = {isa = PBXFileReference; explicitFileType = wrapper.cfbundle; includeInIndex = 0; path = WatsonTranslatorUITests.xctest; sourceTree = BUILT_PRODUCTS_DIR; };
		92261E7C21EA9A4C00A1A620 /* WatsonTranslatorUITests.swift */ = {isa = PBXFileReference; lastKnownFileType = sourcecode.swift; path = WatsonTranslatorUITests.swift; sourceTree = "<group>"; };
		92261E7E21EA9A4C00A1A620 /* Info.plist */ = {isa = PBXFileReference; lastKnownFileType = text.plist.xml; path = Info.plist; sourceTree = "<group>"; };
		92261E8A21EEB8BC00A1A620 /* Translator.swift */ = {isa = PBXFileReference; lastKnownFileType = sourcecode.swift; path = Translator.swift; sourceTree = "<group>"; };
		92EFE5F421FA1235003DD89E /* Speaker.swift */ = {isa = PBXFileReference; lastKnownFileType = sourcecode.swift; path = Speaker.swift; sourceTree = "<group>"; };
		92FB960321FD29A400FEAD21 /* AVFoundation.framework */ = {isa = PBXFileReference; lastKnownFileType = wrapper.framework; name = AVFoundation.framework; path = System/Library/Frameworks/AVFoundation.framework; sourceTree = SDKROOT; };
		92FEF4C421FE9AC90042E47F /* Language.swift */ = {isa = PBXFileReference; lastKnownFileType = sourcecode.swift; path = Language.swift; sourceTree = "<group>"; };
		B7DB395CA883F8B87089E838 /* Pods-WatsonTranslator.release.xcconfig */ = {isa = PBXFileReference; includeInIndex = 1; lastKnownFileType = text.xcconfig; name = "Pods-WatsonTranslator.release.xcconfig"; path = "Pods/Target Support Files/Pods-WatsonTranslator/Pods-WatsonTranslator.release.xcconfig"; sourceTree = "<group>"; };
/* End PBXFileReference section */

/* Begin PBXFrameworksBuildPhase section */
		92261E5621EA9A4C00A1A620 /* Frameworks */ = {
			isa = PBXFrameworksBuildPhase;
			buildActionMask = 2147483647;
			files = (
				92FB960521FD29C600FEAD21 /* AVFoundation.framework in Frameworks */,
				B31A0668E45180A3F730FC22 /* Pods_WatsonTranslator.framework in Frameworks */,
			);
			runOnlyForDeploymentPostprocessing = 0;
		};
		92261E6A21EA9A4C00A1A620 /* Frameworks */ = {
			isa = PBXFrameworksBuildPhase;
			buildActionMask = 2147483647;
			files = (
			);
			runOnlyForDeploymentPostprocessing = 0;
		};
		92261E7521EA9A4C00A1A620 /* Frameworks */ = {
			isa = PBXFrameworksBuildPhase;
			buildActionMask = 2147483647;
			files = (
			);
			runOnlyForDeploymentPostprocessing = 0;
		};
/* End PBXFrameworksBuildPhase section */

/* Begin PBXGroup section */
		5D7527DBCA4B1D918D9B07AA /* Frameworks */ = {
			isa = PBXGroup;
			children = (
				92FB960321FD29A400FEAD21 /* AVFoundation.framework */,
				032CE86DCAFA58FE9F815175 /* Pods_WatsonTranslator.framework */,
			);
			name = Frameworks;
			sourceTree = "<group>";
		};
		9209C4B421F3A94600AF78B6 /* Resources */ = {
			isa = PBXGroup;
			children = (
				92261E6321EA9A4C00A1A620 /* Assets.xcassets */,
				9209C4B221F3A84F00AF78B6 /* Credentials.swift */,
				92261E6821EA9A4C00A1A620 /* Info.plist */,
			);
			path = Resources;
			sourceTree = "<group>";
		};
		92261E5021EA9A4C00A1A620 = {
			isa = PBXGroup;
			children = (
				92261E5B21EA9A4C00A1A620 /* WatsonTranslator */,
				92261E7021EA9A4C00A1A620 /* WatsonTranslatorTests */,
				92261E7B21EA9A4C00A1A620 /* WatsonTranslatorUITests */,
				92261E5A21EA9A4C00A1A620 /* Products */,
				F30D27D9C22A2166256F03D0 /* Pods */,
				5D7527DBCA4B1D918D9B07AA /* Frameworks */,
			);
			sourceTree = "<group>";
		};
		92261E5A21EA9A4C00A1A620 /* Products */ = {
			isa = PBXGroup;
			children = (
				92261E5921EA9A4C00A1A620 /* WatsonTranslator.app */,
				92261E6D21EA9A4C00A1A620 /* WatsonTranslatorTests.xctest */,
				92261E7821EA9A4C00A1A620 /* WatsonTranslatorUITests.xctest */,
			);
			name = Products;
			sourceTree = "<group>";
		};
		92261E5B21EA9A4C00A1A620 /* WatsonTranslator */ = {
			isa = PBXGroup;
			children = (
				92261E5C21EA9A4C00A1A620 /* AppDelegate.swift */,
				92261E5E21EA9A4C00A1A620 /* ViewController.swift */,
				9209C4B921F50BE600AF78B6 /* LanguagePickerController.swift */,
				92261E6021EA9A4C00A1A620 /* Main.storyboard */,
				92261E6521EA9A4C00A1A620 /* LaunchScreen.storyboard */,
				92FEF4C321FE99A70042E47F /* Translations */,
				9209C4B421F3A94600AF78B6 /* Resources */,
			);
			path = WatsonTranslator;
			sourceTree = "<group>";
		};
		92261E7021EA9A4C00A1A620 /* WatsonTranslatorTests */ = {
			isa = PBXGroup;
			children = (
				92261E7121EA9A4C00A1A620 /* WatsonTranslatorTests.swift */,
				92261E7321EA9A4C00A1A620 /* Info.plist */,
			);
			path = WatsonTranslatorTests;
			sourceTree = "<group>";
		};
		92261E7B21EA9A4C00A1A620 /* WatsonTranslatorUITests */ = {
			isa = PBXGroup;
			children = (
				92261E7C21EA9A4C00A1A620 /* WatsonTranslatorUITests.swift */,
				92261E7E21EA9A4C00A1A620 /* Info.plist */,
			);
			path = WatsonTranslatorUITests;
			sourceTree = "<group>";
		};
		92FEF4C321FE99A70042E47F /* Translations */ = {
			isa = PBXGroup;
			children = (
				92FEF4C421FE9AC90042E47F /* Language.swift */,
				9209C4BB21F5268B00AF78B6 /* SpeechRecorder.swift */,
				92261E8A21EEB8BC00A1A620 /* Translator.swift */,
				92EFE5F421FA1235003DD89E /* Speaker.swift */,
			);
			path = Translations;
			sourceTree = "<group>";
		};
		F30D27D9C22A2166256F03D0 /* Pods */ = {
			isa = PBXGroup;
			children = (
				0FA364166685A043F8799057 /* Pods-WatsonTranslator.debug.xcconfig */,
				B7DB395CA883F8B87089E838 /* Pods-WatsonTranslator.release.xcconfig */,
			);
			name = Pods;
			sourceTree = "<group>";
		};
/* End PBXGroup section */

/* Begin PBXNativeTarget section */
		92261E5821EA9A4C00A1A620 /* WatsonTranslator */ = {
			isa = PBXNativeTarget;
			buildConfigurationList = 92261E8121EA9A4C00A1A620 /* Build configuration list for PBXNativeTarget "WatsonTranslator" */;
			buildPhases = (
				CBF58F368F0F8948DDEE3C47 /* [CP] Check Pods Manifest.lock */,
				92261E5521EA9A4C00A1A620 /* Sources */,
				92261E5621EA9A4C00A1A620 /* Frameworks */,
				92261E5721EA9A4C00A1A620 /* Resources */,
				28376D02787F74168E51EACF /* [CP] Embed Pods Frameworks */,
			);
			buildRules = (
			);
			dependencies = (
			);
			name = WatsonTranslator;
			productName = WatsonTranslator;
			productReference = 92261E5921EA9A4C00A1A620 /* WatsonTranslator.app */;
			productType = "com.apple.product-type.application";
		};
		92261E6C21EA9A4C00A1A620 /* WatsonTranslatorTests */ = {
			isa = PBXNativeTarget;
			buildConfigurationList = 92261E8421EA9A4C00A1A620 /* Build configuration list for PBXNativeTarget "WatsonTranslatorTests" */;
			buildPhases = (
				92261E6921EA9A4C00A1A620 /* Sources */,
				92261E6A21EA9A4C00A1A620 /* Frameworks */,
				92261E6B21EA9A4C00A1A620 /* Resources */,
			);
			buildRules = (
			);
			dependencies = (
				92261E6F21EA9A4C00A1A620 /* PBXTargetDependency */,
			);
			name = WatsonTranslatorTests;
			productName = WatsonTranslatorTests;
			productReference = 92261E6D21EA9A4C00A1A620 /* WatsonTranslatorTests.xctest */;
			productType = "com.apple.product-type.bundle.unit-test";
		};
		92261E7721EA9A4C00A1A620 /* WatsonTranslatorUITests */ = {
			isa = PBXNativeTarget;
			buildConfigurationList = 92261E8721EA9A4C00A1A620 /* Build configuration list for PBXNativeTarget "WatsonTranslatorUITests" */;
			buildPhases = (
				92261E7421EA9A4C00A1A620 /* Sources */,
				92261E7521EA9A4C00A1A620 /* Frameworks */,
				92261E7621EA9A4C00A1A620 /* Resources */,
			);
			buildRules = (
			);
			dependencies = (
				92261E7A21EA9A4C00A1A620 /* PBXTargetDependency */,
			);
			name = WatsonTranslatorUITests;
			productName = WatsonTranslatorUITests;
			productReference = 92261E7821EA9A4C00A1A620 /* WatsonTranslatorUITests.xctest */;
			productType = "com.apple.product-type.bundle.ui-testing";
		};
/* End PBXNativeTarget section */

/* Begin PBXProject section */
		92261E5121EA9A4C00A1A620 /* Project object */ = {
			isa = PBXProject;
			attributes = {
				LastSwiftUpdateCheck = 1010;
				LastUpgradeCheck = 1010;
				ORGANIZATIONNAME = IBM;
				TargetAttributes = {
					92261E5821EA9A4C00A1A620 = {
						CreatedOnToolsVersion = 10.1;
					};
					92261E6C21EA9A4C00A1A620 = {
						CreatedOnToolsVersion = 10.1;
						TestTargetID = 92261E5821EA9A4C00A1A620;
					};
					92261E7721EA9A4C00A1A620 = {
						CreatedOnToolsVersion = 10.1;
						TestTargetID = 92261E5821EA9A4C00A1A620;
					};
				};
			};
			buildConfigurationList = 92261E5421EA9A4C00A1A620 /* Build configuration list for PBXProject "WatsonTranslator" */;
			compatibilityVersion = "Xcode 9.3";
			developmentRegion = en;
			hasScannedForEncodings = 0;
			knownRegions = (
				en,
				Base,
			);
			mainGroup = 92261E5021EA9A4C00A1A620;
			productRefGroup = 92261E5A21EA9A4C00A1A620 /* Products */;
			projectDirPath = "";
			projectRoot = "";
			targets = (
				92261E5821EA9A4C00A1A620 /* WatsonTranslator */,
				92261E6C21EA9A4C00A1A620 /* WatsonTranslatorTests */,
				92261E7721EA9A4C00A1A620 /* WatsonTranslatorUITests */,
			);
		};
/* End PBXProject section */

/* Begin PBXResourcesBuildPhase section */
		92261E5721EA9A4C00A1A620 /* Resources */ = {
			isa = PBXResourcesBuildPhase;
			buildActionMask = 2147483647;
			files = (
				92261E6721EA9A4C00A1A620 /* LaunchScreen.storyboard in Resources */,
				92261E6421EA9A4C00A1A620 /* Assets.xcassets in Resources */,
				92261E6221EA9A4C00A1A620 /* Main.storyboard in Resources */,
			);
			runOnlyForDeploymentPostprocessing = 0;
		};
		92261E6B21EA9A4C00A1A620 /* Resources */ = {
			isa = PBXResourcesBuildPhase;
			buildActionMask = 2147483647;
			files = (
			);
			runOnlyForDeploymentPostprocessing = 0;
		};
		92261E7621EA9A4C00A1A620 /* Resources */ = {
			isa = PBXResourcesBuildPhase;
			buildActionMask = 2147483647;
			files = (
			);
			runOnlyForDeploymentPostprocessing = 0;
		};
/* End PBXResourcesBuildPhase section */

/* Begin PBXShellScriptBuildPhase section */
		28376D02787F74168E51EACF /* [CP] Embed Pods Frameworks */ = {
			isa = PBXShellScriptBuildPhase;
			buildActionMask = 2147483647;
			files = (
			);
			inputFileListPaths = (
			);
			inputPaths = (
				"${SRCROOT}/Pods/Target Support Files/Pods-WatsonTranslator/Pods-WatsonTranslator-frameworks.sh",
				"${BUILT_PRODUCTS_DIR}/IBMWatsonLanguageTranslatorV3/LanguageTranslator.framework",
				"${BUILT_PRODUCTS_DIR}/IBMWatsonRestKit/RestKit.framework",
				"${BUILT_PRODUCTS_DIR}/IBMWatsonSpeechToTextV1/SpeechToText.framework",
				"${BUILT_PRODUCTS_DIR}/IBMWatsonTextToSpeechV1/TextToSpeech.framework",
				"${BUILT_PRODUCTS_DIR}/Starscream/Starscream.framework",
			);
			name = "[CP] Embed Pods Frameworks";
			outputFileListPaths = (
			);
			outputPaths = (
				"${TARGET_BUILD_DIR}/${FRAMEWORKS_FOLDER_PATH}/LanguageTranslator.framework",
				"${TARGET_BUILD_DIR}/${FRAMEWORKS_FOLDER_PATH}/RestKit.framework",
				"${TARGET_BUILD_DIR}/${FRAMEWORKS_FOLDER_PATH}/SpeechToText.framework",
				"${TARGET_BUILD_DIR}/${FRAMEWORKS_FOLDER_PATH}/TextToSpeech.framework",
				"${TARGET_BUILD_DIR}/${FRAMEWORKS_FOLDER_PATH}/Starscream.framework",
			);
			runOnlyForDeploymentPostprocessing = 0;
			shellPath = /bin/sh;
			shellScript = "\"${SRCROOT}/Pods/Target Support Files/Pods-WatsonTranslator/Pods-WatsonTranslator-frameworks.sh\"\n";
			showEnvVarsInLog = 0;
		};
		CBF58F368F0F8948DDEE3C47 /* [CP] Check Pods Manifest.lock */ = {
			isa = PBXShellScriptBuildPhase;
			buildActionMask = 2147483647;
			files = (
			);
			inputFileListPaths = (
			);
			inputPaths = (
				"${PODS_PODFILE_DIR_PATH}/Podfile.lock",
				"${PODS_ROOT}/Manifest.lock",
			);
			name = "[CP] Check Pods Manifest.lock";
			outputFileListPaths = (
			);
			outputPaths = (
				"$(DERIVED_FILE_DIR)/Pods-WatsonTranslator-checkManifestLockResult.txt",
			);
			runOnlyForDeploymentPostprocessing = 0;
			shellPath = /bin/sh;
			shellScript = "diff \"${PODS_PODFILE_DIR_PATH}/Podfile.lock\" \"${PODS_ROOT}/Manifest.lock\" > /dev/null\nif [ $? != 0 ] ; then\n    # print error to STDERR\n    echo \"error: The sandbox is not in sync with the Podfile.lock. Run 'pod install' or update your CocoaPods installation.\" >&2\n    exit 1\nfi\n# This output is used by Xcode 'outputs' to avoid re-running this script phase.\necho \"SUCCESS\" > \"${SCRIPT_OUTPUT_FILE_0}\"\n";
			showEnvVarsInLog = 0;
		};
/* End PBXShellScriptBuildPhase section */

/* Begin PBXSourcesBuildPhase section */
		92261E5521EA9A4C00A1A620 /* Sources */ = {
			isa = PBXSourcesBuildPhase;
			buildActionMask = 2147483647;
			files = (
				9209C4BA21F50BE600AF78B6 /* LanguagePickerController.swift in Sources */,
				92261E5F21EA9A4C00A1A620 /* ViewController.swift in Sources */,
				92261E8B21EEB8BC00A1A620 /* Translator.swift in Sources */,
				9209C4BC21F5268B00AF78B6 /* SpeechRecorder.swift in Sources */,
				9209C4B321F3A84F00AF78B6 /* Credentials.swift in Sources */,
				92FEF4C521FE9AC90042E47F /* Language.swift in Sources */,
				92EFE5F521FA1235003DD89E /* Speaker.swift in Sources */,
				92261E5D21EA9A4C00A1A620 /* AppDelegate.swift in Sources */,
			);
			runOnlyForDeploymentPostprocessing = 0;
		};
		92261E6921EA9A4C00A1A620 /* Sources */ = {
			isa = PBXSourcesBuildPhase;
			buildActionMask = 2147483647;
			files = (
				92261E7221EA9A4C00A1A620 /* WatsonTranslatorTests.swift in Sources */,
			);
			runOnlyForDeploymentPostprocessing = 0;
		};
		92261E7421EA9A4C00A1A620 /* Sources */ = {
			isa = PBXSourcesBuildPhase;
			buildActionMask = 2147483647;
			files = (
				92261E7D21EA9A4C00A1A620 /* WatsonTranslatorUITests.swift in Sources */,
			);
			runOnlyForDeploymentPostprocessing = 0;
		};
/* End PBXSourcesBuildPhase section */

/* Begin PBXTargetDependency section */
		92261E6F21EA9A4C00A1A620 /* PBXTargetDependency */ = {
			isa = PBXTargetDependency;
			target = 92261E5821EA9A4C00A1A620 /* WatsonTranslator */;
			targetProxy = 92261E6E21EA9A4C00A1A620 /* PBXContainerItemProxy */;
		};
		92261E7A21EA9A4C00A1A620 /* PBXTargetDependency */ = {
			isa = PBXTargetDependency;
			target = 92261E5821EA9A4C00A1A620 /* WatsonTranslator */;
			targetProxy = 92261E7921EA9A4C00A1A620 /* PBXContainerItemProxy */;
		};
/* End PBXTargetDependency section */

/* Begin PBXVariantGroup section */
		92261E6021EA9A4C00A1A620 /* Main.storyboard */ = {
			isa = PBXVariantGroup;
			children = (
				92261E6121EA9A4C00A1A620 /* Base */,
			);
			name = Main.storyboard;
			sourceTree = "<group>";
		};
		92261E6521EA9A4C00A1A620 /* LaunchScreen.storyboard */ = {
			isa = PBXVariantGroup;
			children = (
				92261E6621EA9A4C00A1A620 /* Base */,
			);
			name = LaunchScreen.storyboard;
			sourceTree = "<group>";
		};
/* End PBXVariantGroup section */

/* Begin XCBuildConfiguration section */
		92261E7F21EA9A4C00A1A620 /* Debug */ = {
			isa = XCBuildConfiguration;
			buildSettings = {
				ALWAYS_SEARCH_USER_PATHS = NO;
				CLANG_ANALYZER_NONNULL = YES;
				CLANG_ANALYZER_NUMBER_OBJECT_CONVERSION = YES_AGGRESSIVE;
				CLANG_CXX_LANGUAGE_STANDARD = "gnu++14";
				CLANG_CXX_LIBRARY = "libc++";
				CLANG_ENABLE_MODULES = YES;
				CLANG_ENABLE_OBJC_ARC = YES;
				CLANG_ENABLE_OBJC_WEAK = YES;
				CLANG_WARN_BLOCK_CAPTURE_AUTORELEASING = YES;
				CLANG_WARN_BOOL_CONVERSION = YES;
				CLANG_WARN_COMMA = YES;
				CLANG_WARN_CONSTANT_CONVERSION = YES;
				CLANG_WARN_DEPRECATED_OBJC_IMPLEMENTATIONS = YES;
				CLANG_WARN_DIRECT_OBJC_ISA_USAGE = YES_ERROR;
				CLANG_WARN_DOCUMENTATION_COMMENTS = YES;
				CLANG_WARN_EMPTY_BODY = YES;
				CLANG_WARN_ENUM_CONVERSION = YES;
				CLANG_WARN_INFINITE_RECURSION = YES;
				CLANG_WARN_INT_CONVERSION = YES;
				CLANG_WARN_NON_LITERAL_NULL_CONVERSION = YES;
				CLANG_WARN_OBJC_IMPLICIT_RETAIN_SELF = YES;
				CLANG_WARN_OBJC_LITERAL_CONVERSION = YES;
				CLANG_WARN_OBJC_ROOT_CLASS = YES_ERROR;
				CLANG_WARN_RANGE_LOOP_ANALYSIS = YES;
				CLANG_WARN_STRICT_PROTOTYPES = YES;
				CLANG_WARN_SUSPICIOUS_MOVE = YES;
				CLANG_WARN_UNGUARDED_AVAILABILITY = YES_AGGRESSIVE;
				CLANG_WARN_UNREACHABLE_CODE = YES;
				CLANG_WARN__DUPLICATE_METHOD_MATCH = YES;
				CODE_SIGN_IDENTITY = "iPhone Developer";
				COPY_PHASE_STRIP = NO;
				DEBUG_INFORMATION_FORMAT = dwarf;
				ENABLE_STRICT_OBJC_MSGSEND = YES;
				ENABLE_TESTABILITY = YES;
				GCC_C_LANGUAGE_STANDARD = gnu11;
				GCC_DYNAMIC_NO_PIC = NO;
				GCC_NO_COMMON_BLOCKS = YES;
				GCC_OPTIMIZATION_LEVEL = 0;
				GCC_PREPROCESSOR_DEFINITIONS = (
					"DEBUG=1",
					"$(inherited)",
				);
				GCC_WARN_64_TO_32_BIT_CONVERSION = YES;
				GCC_WARN_ABOUT_RETURN_TYPE = YES_ERROR;
				GCC_WARN_UNDECLARED_SELECTOR = YES;
				GCC_WARN_UNINITIALIZED_AUTOS = YES_AGGRESSIVE;
				GCC_WARN_UNUSED_FUNCTION = YES;
				GCC_WARN_UNUSED_VARIABLE = YES;
				IPHONEOS_DEPLOYMENT_TARGET = 12.1;
				MTL_ENABLE_DEBUG_INFO = INCLUDE_SOURCE;
				MTL_FAST_MATH = YES;
				ONLY_ACTIVE_ARCH = YES;
				SDKROOT = iphoneos;
				SWIFT_ACTIVE_COMPILATION_CONDITIONS = DEBUG;
				SWIFT_OPTIMIZATION_LEVEL = "-Onone";
			};
			name = Debug;
		};
		92261E8021EA9A4C00A1A620 /* Release */ = {
			isa = XCBuildConfiguration;
			buildSettings = {
				ALWAYS_SEARCH_USER_PATHS = NO;
				CLANG_ANALYZER_NONNULL = YES;
				CLANG_ANALYZER_NUMBER_OBJECT_CONVERSION = YES_AGGRESSIVE;
				CLANG_CXX_LANGUAGE_STANDARD = "gnu++14";
				CLANG_CXX_LIBRARY = "libc++";
				CLANG_ENABLE_MODULES = YES;
				CLANG_ENABLE_OBJC_ARC = YES;
				CLANG_ENABLE_OBJC_WEAK = YES;
				CLANG_WARN_BLOCK_CAPTURE_AUTORELEASING = YES;
				CLANG_WARN_BOOL_CONVERSION = YES;
				CLANG_WARN_COMMA = YES;
				CLANG_WARN_CONSTANT_CONVERSION = YES;
				CLANG_WARN_DEPRECATED_OBJC_IMPLEMENTATIONS = YES;
				CLANG_WARN_DIRECT_OBJC_ISA_USAGE = YES_ERROR;
				CLANG_WARN_DOCUMENTATION_COMMENTS = YES;
				CLANG_WARN_EMPTY_BODY = YES;
				CLANG_WARN_ENUM_CONVERSION = YES;
				CLANG_WARN_INFINITE_RECURSION = YES;
				CLANG_WARN_INT_CONVERSION = YES;
				CLANG_WARN_NON_LITERAL_NULL_CONVERSION = YES;
				CLANG_WARN_OBJC_IMPLICIT_RETAIN_SELF = YES;
				CLANG_WARN_OBJC_LITERAL_CONVERSION = YES;
				CLANG_WARN_OBJC_ROOT_CLASS = YES_ERROR;
				CLANG_WARN_RANGE_LOOP_ANALYSIS = YES;
				CLANG_WARN_STRICT_PROTOTYPES = YES;
				CLANG_WARN_SUSPICIOUS_MOVE = YES;
				CLANG_WARN_UNGUARDED_AVAILABILITY = YES_AGGRESSIVE;
				CLANG_WARN_UNREACHABLE_CODE = YES;
				CLANG_WARN__DUPLICATE_METHOD_MATCH = YES;
				CODE_SIGN_IDENTITY = "iPhone Developer";
				COPY_PHASE_STRIP = NO;
				DEBUG_INFORMATION_FORMAT = "dwarf-with-dsym";
				ENABLE_NS_ASSERTIONS = NO;
				ENABLE_STRICT_OBJC_MSGSEND = YES;
				GCC_C_LANGUAGE_STANDARD = gnu11;
				GCC_NO_COMMON_BLOCKS = YES;
				GCC_WARN_64_TO_32_BIT_CONVERSION = YES;
				GCC_WARN_ABOUT_RETURN_TYPE = YES_ERROR;
				GCC_WARN_UNDECLARED_SELECTOR = YES;
				GCC_WARN_UNINITIALIZED_AUTOS = YES_AGGRESSIVE;
				GCC_WARN_UNUSED_FUNCTION = YES;
				GCC_WARN_UNUSED_VARIABLE = YES;
				IPHONEOS_DEPLOYMENT_TARGET = 12.1;
				MTL_ENABLE_DEBUG_INFO = NO;
				MTL_FAST_MATH = YES;
				SDKROOT = iphoneos;
				SWIFT_COMPILATION_MODE = wholemodule;
				SWIFT_OPTIMIZATION_LEVEL = "-O";
				VALIDATE_PRODUCT = YES;
			};
			name = Release;
		};
		92261E8221EA9A4C00A1A620 /* Debug */ = {
			isa = XCBuildConfiguration;
			baseConfigurationReference = 0FA364166685A043F8799057 /* Pods-WatsonTranslator.debug.xcconfig */;
			buildSettings = {
				ASSETCATALOG_COMPILER_APPICON_NAME = AppIcon;
				CODE_SIGN_STYLE = Automatic;
				DEVELOPMENT_TEAM = PP64RT7P8Z;
				INFOPLIST_FILE = WatsonTranslator/Resources/Info.plist;
				IPHONEOS_DEPLOYMENT_TARGET = 10.0;
				LD_RUNPATH_SEARCH_PATHS = (
					"$(inherited)",
					"@executable_path/Frameworks",
				);
				PRODUCT_BUNDLE_IDENTIFIER = com.ibm.watson.WatsonTranslator;
				PRODUCT_NAME = "$(TARGET_NAME)";
				SWIFT_VERSION = 4.2;
				TARGETED_DEVICE_FAMILY = "1,2";
			};
			name = Debug;
		};
		92261E8321EA9A4C00A1A620 /* Release */ = {
			isa = XCBuildConfiguration;
			baseConfigurationReference = B7DB395CA883F8B87089E838 /* Pods-WatsonTranslator.release.xcconfig */;
			buildSettings = {
				ASSETCATALOG_COMPILER_APPICON_NAME = AppIcon;
				CODE_SIGN_STYLE = Automatic;
				DEVELOPMENT_TEAM = PP64RT7P8Z;
				INFOPLIST_FILE = WatsonTranslator/Resources/Info.plist;
				IPHONEOS_DEPLOYMENT_TARGET = 10.0;
				LD_RUNPATH_SEARCH_PATHS = (
					"$(inherited)",
					"@executable_path/Frameworks",
				);
				PRODUCT_BUNDLE_IDENTIFIER = com.ibm.watson.WatsonTranslator;
				PRODUCT_NAME = "$(TARGET_NAME)";
				SWIFT_VERSION = 4.2;
				TARGETED_DEVICE_FAMILY = "1,2";
			};
			name = Release;
		};
		92261E8521EA9A4C00A1A620 /* Debug */ = {
			isa = XCBuildConfiguration;
			buildSettings = {
				ALWAYS_EMBED_SWIFT_STANDARD_LIBRARIES = YES;
				BUNDLE_LOADER = "$(TEST_HOST)";
				CODE_SIGN_STYLE = Automatic;
				DEVELOPMENT_TEAM = PP64RT7P8Z;
				INFOPLIST_FILE = WatsonTranslatorTests/Info.plist;
				LD_RUNPATH_SEARCH_PATHS = (
					"$(inherited)",
					"@executable_path/Frameworks",
					"@loader_path/Frameworks",
				);
				PRODUCT_BUNDLE_IDENTIFIER = com.ibm.watson.WatsonTranslatorTests;
				PRODUCT_NAME = "$(TARGET_NAME)";
				SWIFT_VERSION = 4.2;
				TARGETED_DEVICE_FAMILY = "1,2";
				TEST_HOST = "$(BUILT_PRODUCTS_DIR)/WatsonTranslator.app/WatsonTranslator";
			};
			name = Debug;
		};
		92261E8621EA9A4C00A1A620 /* Release */ = {
			isa = XCBuildConfiguration;
			buildSettings = {
				ALWAYS_EMBED_SWIFT_STANDARD_LIBRARIES = YES;
				BUNDLE_LOADER = "$(TEST_HOST)";
				CODE_SIGN_STYLE = Automatic;
				DEVELOPMENT_TEAM = PP64RT7P8Z;
				INFOPLIST_FILE = WatsonTranslatorTests/Info.plist;
				LD_RUNPATH_SEARCH_PATHS = (
					"$(inherited)",
					"@executable_path/Frameworks",
					"@loader_path/Frameworks",
				);
				PRODUCT_BUNDLE_IDENTIFIER = com.ibm.watson.WatsonTranslatorTests;
				PRODUCT_NAME = "$(TARGET_NAME)";
				SWIFT_VERSION = 4.2;
				TARGETED_DEVICE_FAMILY = "1,2";
				TEST_HOST = "$(BUILT_PRODUCTS_DIR)/WatsonTranslator.app/WatsonTranslator";
			};
			name = Release;
		};
		92261E8821EA9A4C00A1A620 /* Debug */ = {
			isa = XCBuildConfiguration;
			buildSettings = {
				ALWAYS_EMBED_SWIFT_STANDARD_LIBRARIES = YES;
				CODE_SIGN_STYLE = Automatic;
				DEVELOPMENT_TEAM = PP64RT7P8Z;
				INFOPLIST_FILE = WatsonTranslatorUITests/Info.plist;
				LD_RUNPATH_SEARCH_PATHS = (
					"$(inherited)",
					"@executable_path/Frameworks",
					"@loader_path/Frameworks",
				);
				PRODUCT_BUNDLE_IDENTIFIER = com.ibm.watson.WatsonTranslatorUITests;
				PRODUCT_NAME = "$(TARGET_NAME)";
				SWIFT_VERSION = 4.2;
				TARGETED_DEVICE_FAMILY = "1,2";
				TEST_TARGET_NAME = WatsonTranslator;
			};
			name = Debug;
		};
		92261E8921EA9A4C00A1A620 /* Release */ = {
			isa = XCBuildConfiguration;
			buildSettings = {
				ALWAYS_EMBED_SWIFT_STANDARD_LIBRARIES = YES;
				CODE_SIGN_STYLE = Automatic;
				DEVELOPMENT_TEAM = PP64RT7P8Z;
				INFOPLIST_FILE = WatsonTranslatorUITests/Info.plist;
				LD_RUNPATH_SEARCH_PATHS = (
					"$(inherited)",
					"@executable_path/Frameworks",
					"@loader_path/Frameworks",
				);
				PRODUCT_BUNDLE_IDENTIFIER = com.ibm.watson.WatsonTranslatorUITests;
				PRODUCT_NAME = "$(TARGET_NAME)";
				SWIFT_VERSION = 4.2;
				TARGETED_DEVICE_FAMILY = "1,2";
				TEST_TARGET_NAME = WatsonTranslator;
			};
			name = Release;
		};
/* End XCBuildConfiguration section */

/* Begin XCConfigurationList section */
		92261E5421EA9A4C00A1A620 /* Build configuration list for PBXProject "WatsonTranslator" */ = {
			isa = XCConfigurationList;
			buildConfigurations = (
				92261E7F21EA9A4C00A1A620 /* Debug */,
				92261E8021EA9A4C00A1A620 /* Release */,
			);
			defaultConfigurationIsVisible = 0;
			defaultConfigurationName = Release;
		};
		92261E8121EA9A4C00A1A620 /* Build configuration list for PBXNativeTarget "WatsonTranslator" */ = {
			isa = XCConfigurationList;
			buildConfigurations = (
				92261E8221EA9A4C00A1A620 /* Debug */,
				92261E8321EA9A4C00A1A620 /* Release */,
			);
			defaultConfigurationIsVisible = 0;
			defaultConfigurationName = Release;
		};
		92261E8421EA9A4C00A1A620 /* Build configuration list for PBXNativeTarget "WatsonTranslatorTests" */ = {
			isa = XCConfigurationList;
			buildConfigurations = (
				92261E8521EA9A4C00A1A620 /* Debug */,
				92261E8621EA9A4C00A1A620 /* Release */,
			);
			defaultConfigurationIsVisible = 0;
			defaultConfigurationName = Release;
		};
		92261E8721EA9A4C00A1A620 /* Build configuration list for PBXNativeTarget "WatsonTranslatorUITests" */ = {
			isa = XCConfigurationList;
			buildConfigurations = (
				92261E8821EA9A4C00A1A620 /* Debug */,
				92261E8921EA9A4C00A1A620 /* Release */,
			);
			defaultConfigurationIsVisible = 0;
			defaultConfigurationName = Release;
		};
/* End XCConfigurationList section */
	};
	rootObject = 92261E5121EA9A4C00A1A620 /* Project object */;
}
